
Microsoft Visual Studio Solution File, Format Version 12.00
# Visual Studio Version 17
VisualStudioVersion = 17.1.32328.378
MinimumVisualStudioVersion = 10.0.40219.1
Project("{9A19103F-16F7-4668-BE54-9A1E7A4F7556}") = "NashGramAPI", "NashGramAPI\NashGramAPI.csproj", "{F7C38A68-13A7-4CCF-A05A-8F16DDEF3309}"
EndProject
Global
	GlobalSection(SolutionConfigurationPlatforms) = preSolution
		Debug|Any CPU = Debug|Any CPU
		Release|Any CPU = Release|Any CPU
	EndGlobalSection
	GlobalSection(ProjectConfigurationPlatforms) = postSolution
		{F7C38A68-13A7-4CCF-A05A-8F16DDEF3309}.Debug|Any CPU.ActiveCfg = Debug|Any CPU
		{F7C38A68-13A7-4CCF-A05A-8F16DDEF3309}.Debug|Any CPU.Build.0 = Debug|Any CPU
		{F7C38A68-13A7-4CCF-A05A-8F16DDEF3309}.Release|Any CPU.ActiveCfg = Release|Any CPU
		{F7C38A68-13A7-4CCF-A05A-8F16DDEF3309}.Release|Any CPU.Build.0 = Release|Any CPU
	EndGlobalSection
	GlobalSection(SolutionProperties) = preSolution
		HideSolutionNode = FALSE
	EndGlobalSection
	GlobalSection(ExtensibilityGlobals) = postSolution
		SolutionGuid = {F7887C29-4332-413D-8814-8C0F395EADDB}
	EndGlobalSection
EndGlobal
